
Microsoft Visual Studio Solution File, Format Version 11.00
# Visual Studio 2010
Project("{FAE04EC0-301F-11D3-BF4B-00C04F79EFBC}") = "Sifaw.Core", "Sifaw.Core\Sifaw.Core.csproj", "{00C17ECC-56B7-4FBA-A4A5-72D7E7D2A4B7}"
EndProject
Project("{FAE04EC0-301F-11D3-BF4B-00C04F79EFBC}") = "Sifaw.Views", "Sifaw.Views\Sifaw.Views.csproj", "{9E483C7A-D5A1-4D42-9490-4D791184ED36}"
EndProject
Project("{FAE04EC0-301F-11D3-BF4B-00C04F79EFBC}") = "Sifaw.Controllers", "Sifaw.Controllers\Sifaw.Controllers.csproj", "{743FBFCD-68ED-4F4B-AA3A-09E63E65442B}"
EndProject
Project("{FAE04EC0-301F-11D3-BF4B-00C04F79EFBC}") = "Sifaw.WPF", "Sifaw.WPF\Sifaw.WPF.csproj", "{27AA9AF8-01BB-4EB9-A05D-0C125F1B3D33}"
EndProject
Project("{FAE04EC0-301F-11D3-BF4B-00C04F79EFBC}") = "Sifaw.WPF.Test", "Sifaw.WPF.Test\Sifaw.WPF.Test.csproj", "{73810C96-2E2C-40E2-BC37-7AE9EBE57394}"
EndProject
Project("{FAE04EC0-301F-11D3-BF4B-00C04F79EFBC}") = "Sifaw.WPF.CCL", "Sifaw.WPF.CCL\Sifaw.WPF.CCL.csproj", "{71E138FD-4065-4AD6-A96E-2501CDE90D7F}"
EndProject
Project("{FAE04EC0-301F-11D3-BF4B-00C04F79EFBC}") = "Sifaw.AppResources", "Sifaw.AppResources\Sifaw.AppResources.csproj", "{AAF2F3C2-4072-458E-B654-9C29380BE7ED}"
EndProject
Project("{FAE04EC0-301F-11D3-BF4B-00C04F79EFBC}") = "SifawApplicationTemplate", "SifawApplicationTemplate\SifawApplicationTemplate.csproj", "{2330C2FF-49D3-458F-A9C6-9880716A234A}"
EndProject
Global
	GlobalSection(SolutionConfigurationPlatforms) = preSolution
		Debug|Any CPU = Debug|Any CPU
		Debug|Mixed Platforms = Debug|Mixed Platforms
		Debug|x86 = Debug|x86
		Release|Any CPU = Release|Any CPU
		Release|Mixed Platforms = Release|Mixed Platforms
		Release|x86 = Release|x86
	EndGlobalSection
	GlobalSection(ProjectConfigurationPlatforms) = postSolution
		{00C17ECC-56B7-4FBA-A4A5-72D7E7D2A4B7}.Debug|Any CPU.ActiveCfg = Debug|Any CPU
		{00C17ECC-56B7-4FBA-A4A5-72D7E7D2A4B7}.Debug|Any CPU.Build.0 = Debug|Any CPU
		{00C17ECC-56B7-4FBA-A4A5-72D7E7D2A4B7}.Debug|Mixed Platforms.ActiveCfg = Debug|Any CPU
		{00C17ECC-56B7-4FBA-A4A5-72D7E7D2A4B7}.Debug|Mixed Platforms.Build.0 = Debug|Any CPU
		{00C17ECC-56B7-4FBA-A4A5-72D7E7D2A4B7}.Debug|x86.ActiveCfg = Debug|Any CPU
		{00C17ECC-56B7-4FBA-A4A5-72D7E7D2A4B7}.Release|Any CPU.ActiveCfg = Release|Any CPU
		{00C17ECC-56B7-4FBA-A4A5-72D7E7D2A4B7}.Release|Any CPU.Build.0 = Release|Any CPU
		{00C17ECC-56B7-4FBA-A4A5-72D7E7D2A4B7}.Release|Mixed Platforms.ActiveCfg = Release|Any CPU
		{00C17ECC-56B7-4FBA-A4A5-72D7E7D2A4B7}.Release|Mixed Platforms.Build.0 = Release|Any CPU
		{00C17ECC-56B7-4FBA-A4A5-72D7E7D2A4B7}.Release|x86.ActiveCfg = Release|Any CPU
		{9E483C7A-D5A1-4D42-9490-4D791184ED36}.Debug|Any CPU.ActiveCfg = Debug|Any CPU
		{9E483C7A-D5A1-4D42-9490-4D791184ED36}.Debug|Any CPU.Build.0 = Debug|Any CPU
		{9E483C7A-D5A1-4D42-9490-4D791184ED36}.Debug|Mixed Platforms.ActiveCfg = Debug|Any CPU
		{9E483C7A-D5A1-4D42-9490-4D791184ED36}.Debug|Mixed Platforms.Build.0 = Debug|Any CPU
		{9E483C7A-D5A1-4D42-9490-4D791184ED36}.Debug|x86.ActiveCfg = Debug|Any CPU
		{9E483C7A-D5A1-4D42-9490-4D791184ED36}.Release|Any CPU.ActiveCfg = Release|Any CPU
		{9E483C7A-D5A1-4D42-9490-4D791184ED36}.Release|Any CPU.Build.0 = Release|Any CPU
		{9E483C7A-D5A1-4D42-9490-4D791184ED36}.Release|Mixed Platforms.ActiveCfg = Release|Any CPU
		{9E483C7A-D5A1-4D42-9490-4D791184ED36}.Release|Mixed Platforms.Build.0 = Release|Any CPU
		{9E483C7A-D5A1-4D42-9490-4D791184ED36}.Release|x86.ActiveCfg = Release|Any CPU
		{743FBFCD-68ED-4F4B-AA3A-09E63E65442B}.Debug|Any CPU.ActiveCfg = Debug|Any CPU
		{743FBFCD-68ED-4F4B-AA3A-09E63E65442B}.Debug|Any CPU.Build.0 = Debug|Any CPU
		{743FBFCD-68ED-4F4B-AA3A-09E63E65442B}.Debug|Mixed Platforms.ActiveCfg = Debug|Any CPU
		{743FBFCD-68ED-4F4B-AA3A-09E63E65442B}.Debug|Mixed Platforms.Build.0 = Debug|Any CPU
		{743FBFCD-68ED-4F4B-AA3A-09E63E65442B}.Debug|x86.ActiveCfg = Debug|Any CPU
		{743FBFCD-68ED-4F4B-AA3A-09E63E65442B}.Release|Any CPU.ActiveCfg = Release|Any CPU
		{743FBFCD-68ED-4F4B-AA3A-09E63E65442B}.Release|Any CPU.Build.0 = Release|Any CPU
		{743FBFCD-68ED-4F4B-AA3A-09E63E65442B}.Release|Mixed Platforms.ActiveCfg = Release|Any CPU
		{743FBFCD-68ED-4F4B-AA3A-09E63E65442B}.Release|Mixed Platforms.Build.0 = Release|Any CPU
		{743FBFCD-68ED-4F4B-AA3A-09E63E65442B}.Release|x86.ActiveCfg = Release|Any CPU
		{27AA9AF8-01BB-4EB9-A05D-0C125F1B3D33}.Debug|Any CPU.ActiveCfg = Debug|Any CPU
		{27AA9AF8-01BB-4EB9-A05D-0C125F1B3D33}.Debug|Any CPU.Build.0 = Debug|Any CPU
		{27AA9AF8-01BB-4EB9-A05D-0C125F1B3D33}.Debug|Mixed Platforms.ActiveCfg = Debug|Any CPU
		{27AA9AF8-01BB-4EB9-A05D-0C125F1B3D33}.Debug|Mixed Platforms.Build.0 = Debug|Any CPU
		{27AA9AF8-01BB-4EB9-A05D-0C125F1B3D33}.Debug|x86.ActiveCfg = Debug|Any CPU
		{27AA9AF8-01BB-4EB9-A05D-0C125F1B3D33}.Release|Any CPU.ActiveCfg = Release|Any CPU
		{27AA9AF8-01BB-4EB9-A05D-0C125F1B3D33}.Release|Any CPU.Build.0 = Release|Any CPU
		{27AA9AF8-01BB-4EB9-A05D-0C125F1B3D33}.Release|Mixed Platforms.ActiveCfg = Release|Any CPU
		{27AA9AF8-01BB-4EB9-A05D-0C125F1B3D33}.Release|Mixed Platforms.Build.0 = Release|Any CPU
		{27AA9AF8-01BB-4EB9-A05D-0C125F1B3D33}.Release|x86.ActiveCfg = Release|Any CPU
		{73810C96-2E2C-40E2-BC37-7AE9EBE57394}.Debug|Any CPU.ActiveCfg = Debug|x86
		{73810C96-2E2C-40E2-BC37-7AE9EBE57394}.Debug|Mixed Platforms.ActiveCfg = Debug|x86
		{73810C96-2E2C-40E2-BC37-7AE9EBE57394}.Debug|Mixed Platforms.Build.0 = Debug|x86
		{73810C96-2E2C-40E2-BC37-7AE9EBE57394}.Debug|x86.ActiveCfg = Debug|x86
		{73810C96-2E2C-40E2-BC37-7AE9EBE57394}.Debug|x86.Build.0 = Debug|x86
		{73810C96-2E2C-40E2-BC37-7AE9EBE57394}.Release|Any CPU.ActiveCfg = Release|x86
		{73810C96-2E2C-40E2-BC37-7AE9EBE57394}.Release|Mixed Platforms.ActiveCfg = Release|x86
		{73810C96-2E2C-40E2-BC37-7AE9EBE57394}.Release|Mixed Platforms.Build.0 = Release|x86
		{73810C96-2E2C-40E2-BC37-7AE9EBE57394}.Release|x86.ActiveCfg = Release|x86
		{73810C96-2E2C-40E2-BC37-7AE9EBE57394}.Release|x86.Build.0 = Release|x86
		{71E138FD-4065-4AD6-A96E-2501CDE90D7F}.Debug|Any CPU.ActiveCfg = Debug|x86
		{71E138FD-4065-4AD6-A96E-2501CDE90D7F}.Debug|Mixed Platforms.ActiveCfg = Debug|x86
		{71E138FD-4065-4AD6-A96E-2501CDE90D7F}.Debug|Mixed Platforms.Build.0 = Debug|x86
		{71E138FD-4065-4AD6-A96E-2501CDE90D7F}.Debug|x86.ActiveCfg = Debug|x86
		{71E138FD-4065-4AD6-A96E-2501CDE90D7F}.Debug|x86.Build.0 = Debug|x86
		{71E138FD-4065-4AD6-A96E-2501CDE90D7F}.Release|Any CPU.ActiveCfg = Release|x86
		{71E138FD-4065-4AD6-A96E-2501CDE90D7F}.Release|Mixed Platforms.ActiveCfg = Release|x86
		{71E138FD-4065-4AD6-A96E-2501CDE90D7F}.Release|Mixed Platforms.Build.0 = Release|x86
		{71E138FD-4065-4AD6-A96E-2501CDE90D7F}.Release|x86.ActiveCfg = Release|x86
		{71E138FD-4065-4AD6-A96E-2501CDE90D7F}.Release|x86.Build.0 = Release|x86
		{AAF2F3C2-4072-458E-B654-9C29380BE7ED}.Debug|Any CPU.ActiveCfg = Debug|Any CPU
		{AAF2F3C2-4072-458E-B654-9C29380BE7ED}.Debug|Any CPU.Build.0 = Debug|Any CPU
		{AAF2F3C2-4072-458E-B654-9C29380BE7ED}.Debug|Mixed Platforms.ActiveCfg = Debug|Any CPU
		{AAF2F3C2-4072-458E-B654-9C29380BE7ED}.Debug|Mixed Platforms.Build.0 = Debug|Any CPU
		{AAF2F3C2-4072-458E-B654-9C29380BE7ED}.Debug|x86.ActiveCfg = Debug|Any CPU
		{AAF2F3C2-4072-458E-B654-9C29380BE7ED}.Release|Any CPU.ActiveCfg = Release|Any CPU
		{AAF2F3C2-4072-458E-B654-9C29380BE7ED}.Release|Any CPU.Build.0 = Release|Any CPU
		{AAF2F3C2-4072-458E-B654-9C29380BE7ED}.Release|Mixed Platforms.ActiveCfg = Release|Any CPU
		{AAF2F3C2-4072-458E-B654-9C29380BE7ED}.Release|Mixed Platforms.Build.0 = Release|Any CPU
		{AAF2F3C2-4072-458E-B654-9C29380BE7ED}.Release|x86.ActiveCfg = Release|Any CPU
		{2330C2FF-49D3-458F-A9C6-9880716A234A}.Debug|Any CPU.ActiveCfg = Debug|Any CPU
		{2330C2FF-49D3-458F-A9C6-9880716A234A}.Debug|Any CPU.Build.0 = Debug|Any CPU
		{2330C2FF-49D3-458F-A9C6-9880716A234A}.Debug|Mixed Platforms.ActiveCfg = Debug|Any CPU
		{2330C2FF-49D3-458F-A9C6-9880716A234A}.Debug|Mixed Platforms.Build.0 = Debug|Any CPU
		{2330C2FF-49D3-458F-A9C6-9880716A234A}.Debug|x86.ActiveCfg = Debug|Any CPU
		{2330C2FF-49D3-458F-A9C6-9880716A234A}.Release|Any CPU.ActiveCfg = Release|Any CPU
		{2330C2FF-49D3-458F-A9C6-9880716A234A}.Release|Any CPU.Build.0 = Release|Any CPU
		{2330C2FF-49D3-458F-A9C6-9880716A234A}.Release|Mixed Platforms.ActiveCfg = Release|Any CPU
		{2330C2FF-49D3-458F-A9C6-9880716A234A}.Release|Mixed Platforms.Build.0 = Release|Any CPU
		{2330C2FF-49D3-458F-A9C6-9880716A234A}.Release|x86.ActiveCfg = Release|Any CPU
	EndGlobalSection
	GlobalSection(SolutionProperties) = preSolution
		HideSolutionNode = FALSE
	EndGlobalSection
EndGlobal
